{
  "version": "3",
  "packages": {
    "specifiers": {
      "npm:migration-files@0.4.2": "npm:migration-files@0.4.2"
    },
    "npm": {
      "@blackglory/errors@2.4.3": {
        "integrity": "sha512-boPqaLAG4zkcxUYSFkBsHOB1TANPtPAqDztReId/YUI7g9J2mJuL8j7h7OKyZL7J8WAxSXyDSuiyeGux34KCJQ==",
        "dependencies": {
          "@blackglory/pass": "@blackglory/pass@1.1.1",
          "@blackglory/types": "@blackglory/types@1.4.0"
        }
      },
      "@blackglory/go@1.1.3": {
        "integrity": "sha512-BbxKpUxf/mtBzPYrC18YxpRicp8cL85PGJQndO6suS+hgf3NZ69VN7mciv7BQdjVNHW8tbM5+E4OZv100yVHCA==",
        "dependencies": {
          "extra-timers": "extra-timers@0.2.6",
          "justypes": "justypes@2.3.0"
        }
      },
      "@blackglory/log@1.3.5": {
        "integrity": "sha512-SMC5JjTfb/Sw+ilEDl0Rol4oIDPyJB+cXsFx0fvbUZOje/lzavukBIk7SwjiHspIVf8WfdKDy1wnGOMSU5/BdA==",
        "dependencies": {
          "@blackglory/go": "@blackglory/go@1.1.3",
          "extra-compatible": "extra-compatible@0.1.8",
          "extra-promise": "extra-promise@4.4.1",
          "extra-utils": "extra-utils@4.0.1"
        }
      },
      "@blackglory/pass@1.1.1": {
        "integrity": "sha512-amK123up/MF1ico/Zuvm8aGWU9iWj8D64IOaq5Mn1fAP/hHZ/8JM7ypkE88Nr8UXhpfDA+9Gdh9TXzXjYA6z9A==",
        "dependencies": {}
      },
      "@blackglory/prelude@0.1.10": {
        "integrity": "sha512-I3C55RypseFi90W8qrC6hjwEdfKQoKV0+vz1DTImFF4BwOpBmcGFMCKH+I0X8EZUv7BK3mRL4OxDpdMnxba28g==",
        "dependencies": {
          "@blackglory/errors": "@blackglory/errors@2.4.3",
          "@blackglory/go": "@blackglory/go@1.1.3",
          "@blackglory/log": "@blackglory/log@1.3.5",
          "@blackglory/pass": "@blackglory/pass@1.1.1",
          "extra-lazy": "extra-lazy@1.3.1",
          "extra-promise": "extra-promise@4.4.1",
          "extra-utils": "extra-utils@3.7.0",
          "iterable-operator": "iterable-operator@2.5.0",
          "justypes": "justypes@3.1.2"
        }
      },
      "@blackglory/prelude@0.2.4": {
        "integrity": "sha512-oURwBLnPSVL6UbKXc1Vtb2XUnePj2gG52/743D2swpPtSWEWT2s+HDvJpz3jy42KjyqrUaefTElIoWvnaJZxmQ==",
        "dependencies": {
          "@blackglory/errors": "@blackglory/errors@2.4.3",
          "@blackglory/go": "@blackglory/go@1.1.3",
          "@blackglory/log": "@blackglory/log@1.3.5",
          "@blackglory/pass": "@blackglory/pass@1.1.1",
          "extra-lazy": "extra-lazy@1.3.1",
          "extra-promise": "extra-promise@4.4.1",
          "extra-utils": "extra-utils@4.0.1",
          "iterable-operator": "iterable-operator@2.5.0",
          "justypes": "justypes@4.2.1"
        }
      },
      "@blackglory/structures@0.11.8": {
        "integrity": "sha512-52LPP5F9QsuyUmkQhzdWPKhX+bRhbQHMNVZy4KjNZCuSlbWu++RgXSSt6Z5DUk/Xpkhd4HtNU1IfMtZ3tg1nIw==",
        "dependencies": {
          "@blackglory/errors": "@blackglory/errors@2.4.3",
          "@blackglory/go": "@blackglory/go@1.1.3",
          "extra-timers": "extra-timers@0.2.6",
          "extra-utils": "extra-utils@4.0.1",
          "iterable-operator": "iterable-operator@2.5.0",
          "justypes": "justypes@4.2.1"
        }
      },
      "@blackglory/types@1.4.0": {
        "integrity": "sha512-pOVWHkbM6wGGBmAgc6zKGRyds4amAV9GOYOiWQp7McaTp8QREDQZlcIrgTwQKtA9StBrKm/GC874RpDg/AIf7g==",
        "dependencies": {
          "justypes": "justypes@3.1.2",
          "lodash": "lodash@4.17.21"
        }
      },
      "extra-compatible@0.1.8": {
        "integrity": "sha512-0jIU+9KKc7KEvqDRu7SDTnPI2s50k1ms5uR8LSDL5jGlWr51L4H0xhrvja31yv0d5Riu8E6ZKRGIzzZx8QM/Mg==",
        "dependencies": {
          "@blackglory/prelude": "@blackglory/prelude@0.2.4",
          "iterable-operator": "iterable-operator@2.5.0"
        }
      },
      "extra-fsm@0.1.1": {
        "integrity": "sha512-ZrbpDwpZI5j8Oms3jBTYQge5Im9Sx1K5ObqjLcv9OAWAAwYTcWWlIPHBFS4Hs+fCt8R6mToWUsxqvfgl6mURMQ==",
        "dependencies": {
          "@blackglory/errors": "@blackglory/errors@2.4.3",
          "@blackglory/types": "@blackglory/types@1.4.0",
          "rxjs": "rxjs@7.8.1"
        }
      },
      "extra-generator@0.2.23": {
        "integrity": "sha512-BiEIP/7PQJzusVATmjAM2K6M3oSXFcf5VnvnLHWrCInaLvdMcfj0IYmbNQPxFOx35yqyssMWX7g9Ila831tjFg==",
        "dependencies": {
          "@blackglory/prelude": "@blackglory/prelude@0.2.4",
          "return-style": "return-style@1.0.1"
        }
      },
      "extra-json-stable-stringify@0.1.2": {
        "integrity": "sha512-BkM1PbHmeKWo16G729htt+ayuT8BnKR+Fv1bIwuDR4bZ5q0Z4NPaGLI3IEpMYGsGKKwMdFgFGrXn/DzM+EnF9w==",
        "dependencies": {
          "fast-stable-stringify": "fast-stable-stringify@1.0.0"
        }
      },
      "extra-lazy@1.3.1": {
        "integrity": "sha512-C55Cr/dQWQHdwuMTF+ySNMYqydVclmKdgFHoC/8gTu5Zoe1Nrx6jgArwfZ+7jKU78VjDfhrkGAJ38ucf0lozeQ==",
        "dependencies": {}
      },
      "extra-promise@4.4.1": {
        "integrity": "sha512-N6KlvIfk/jJWl/VJr2ezGMTlqppZdwERDZjAgrkLtHbWUCHRJDqcq87rHU41DyUw0mHwcxVyKPUxPweTN37S7Q==",
        "dependencies": {
          "@blackglory/errors": "@blackglory/errors@2.4.3",
          "@blackglory/go": "@blackglory/go@1.1.3",
          "@blackglory/pass": "@blackglory/pass@1.1.1",
          "@blackglory/structures": "@blackglory/structures@0.11.8",
          "extra-fsm": "extra-fsm@0.1.1",
          "extra-generator": "extra-generator@0.2.23",
          "extra-json-stable-stringify": "extra-json-stable-stringify@0.1.2",
          "extra-timers": "extra-timers@0.2.6",
          "extra-utils": "extra-utils@4.0.1",
          "hotypes": "hotypes@0.5.1",
          "iterable-operator": "iterable-operator@2.5.0",
          "justypes": "justypes@4.2.1",
          "lodash": "lodash@4.17.21",
          "return-style": "return-style@1.0.1"
        }
      },
      "extra-rand@0.1.5": {
        "integrity": "sha512-xOaelLjCoQrCjnpNHCwoKHew4Jiu2ZeFGVEce0MgFCvPoZGnu9KO/zv+OObnvV4Np8k05/Q0x1GaEqHXuveeYg==",
        "dependencies": {}
      },
      "extra-sort@0.1.2": {
        "integrity": "sha512-7TlwKucAY16+MPU01yvUmd/JggNQH0t86HdljR5/g0rwILSBm2Ih9a+lMtV70Ys9iWGPg7B1t1A2BnkgnZIdZA==",
        "dependencies": {}
      },
      "extra-timers@0.2.6": {
        "integrity": "sha512-7HpyFSCzUSH1spEJbBCrPr18P6+wNuhOa1+kdkzg+TX2Kr8Sc5mj4Pv9OcDKwjktoRtms5q+vl/MHDwvD5moaA==",
        "dependencies": {
          "extra-rand": "extra-rand@0.1.5"
        }
      },
      "extra-utils@3.7.0": {
        "integrity": "sha512-oknUj+tiacZHlvuTKhjmXCDXCaB8xzOlJMNVAH2211N1OVsXty09QhI+884oCmZaALIiyXAio1itDWmPfv9T4A==",
        "dependencies": {
          "justypes": "justypes@3.1.2",
          "lodash": "lodash@4.17.21"
        }
      },
      "extra-utils@4.0.1": {
        "integrity": "sha512-rNht7xtADQSspKJ2bPJImdrBBWcgUiVSYz9j9jecRBxpNNwQ6DJize5CV0aKgkhsF04xdLPLGQPqcM9yFYGaNw==",
        "dependencies": {
          "justypes": "justypes@4.2.1",
          "lodash": "lodash@4.17.21"
        }
      },
      "fast-stable-stringify@1.0.0": {
        "integrity": "sha512-wpYMUmFu5f00Sm0cj2pfivpmawLZ0NKdviQ4w9zJeR8JVtOpOxHmLaJuj0vxvGqMJQWyP/COUkF75/57OKyRag==",
        "dependencies": {}
      },
      "hotypes@0.5.1": {
        "integrity": "sha512-qPtJGddfXlUgD9WEKBO4IBNcWUlMicwvh1JFf/6MvPghpsMOqmE0XC9XEdqiIKvMSMpv6Z2EZPz86c3hmJqoog==",
        "dependencies": {}
      },
      "iterable-operator@2.5.0": {
        "integrity": "sha512-FxN4lVKtQqz3p4o8MhSVkCBS6PjBgqvJBeWxNCx9xiWLQgtlwV7qOK4aE3eZot+79JVCP55OmrycKdSj+YWj1A==",
        "dependencies": {
          "@blackglory/errors": "@blackglory/errors@2.4.3",
          "@blackglory/go": "@blackglory/go@1.1.3",
          "@blackglory/types": "@blackglory/types@1.4.0",
          "extra-utils": "extra-utils@3.7.0",
          "justypes": "justypes@3.1.2"
        }
      },
      "justypes@2.3.0": {
        "integrity": "sha512-DXRU5+tXXEdFscEbI5cF+suUEx0vEyUM1UbyyX1swbnx5+3QmzYWVmsEXImGfwHRxrsB7g4bL/rr+5VNDH5SEg==",
        "dependencies": {}
      },
      "justypes@3.1.2": {
        "integrity": "sha512-XPx3j+Og45DhqXqROKgmUzZ7DMBKL7xQbAfwTjouXVYUY72ydc1BEpO2ygIj1K674UPmSq8YQpkoq/B7RrtuSA==",
        "dependencies": {}
      },
      "justypes@4.2.1": {
        "integrity": "sha512-Z3+3pDBIobbrbKSSmjDOb5m1PF9Ksku7cTHSGHy0ah89D7CHFv08gEx6+b2KpA2huyzYyrhdZQX+Be9MeEfe1A==",
        "dependencies": {}
      },
      "lodash@4.17.21": {
        "integrity": "sha512-v2kDEe57lecTulaDIuNTPy3Ry4gLGJ6Z1O3vE1krgXZNrsQ+LFTGHVxVjcXPs17LhbZVGedAJv8XZ1tvj5FvSg==",
        "dependencies": {}
      },
      "migration-files@0.4.2": {
        "integrity": "sha512-1slLY37I1fRDnaiX7nLYYtGsdtz94izt6M16wlrZczkyPErljCfb7jRlm1yeffL2O9aSTmRdPJ76y8aPtiddGg==",
        "dependencies": {
          "@blackglory/prelude": "@blackglory/prelude@0.1.10",
          "extra-sort": "extra-sort@0.1.2"
        }
      },
      "return-style@1.0.1": {
        "integrity": "sha512-DloknTrIMx06dsTOGIxnD4qT5zpB9DMxDfFht61XD28ZbY6UZcYa6UnQJ2/LvNtl31KeeoItYQxoBm1LC16NwQ==",
        "dependencies": {
          "@blackglory/prelude": "@blackglory/prelude@0.2.4"
        }
      },
      "rxjs@7.8.1": {
        "integrity": "sha512-AA3TVj+0A2iuIoQkWEK/tqFjBq2j+6PO6Y0zJcvzLAFhEFIO3HL0vls9hWLncZbAAbK0mar7oZ4V079I/qPMxg==",
        "dependencies": {
          "tslib": "tslib@2.6.2"
        }
      },
      "tslib@2.6.2": {
        "integrity": "sha512-AEYxH93jGFPn/a2iVAwW87VuUIkR1FVUKB77NwMF7nBTDkDrrT/Hpt/IrCJ0QXhW27jTBDcf5ZY7w6RiqTMw2Q==",
        "dependencies": {}
      }
    }
  },
  "remote": {
    "https://deno.land/std@0.176.0/_util/asserts.ts": "178dfc49a464aee693a7e285567b3d0b555dc805ff490505a8aae34f9cfb1462",
    "https://deno.land/std@0.176.0/_util/os.ts": "d932f56d41e4f6a6093d56044e29ce637f8dcc43c5a90af43504a889cf1775e3",
    "https://deno.land/std@0.176.0/encoding/hex.ts": "50f8c95b52eae24395d3dfcb5ec1ced37c5fe7610ef6fffdcc8b0fdc38e3b32f",
    "https://deno.land/std@0.176.0/fmt/colors.ts": "938c5d44d889fb82eff6c358bea8baa7e85950a16c9f6dae3ec3a7a729164471",
    "https://deno.land/std@0.176.0/fs/_util.ts": "65381f341af1ff7f40198cee15c20f59951ac26e51ddc651c5293e24f9ce6f32",
    "https://deno.land/std@0.176.0/fs/copy.ts": "14214efd94fc3aa6db1e4af2b4b9578e50f7362b7f3725d5a14ad259a5df26c8",
    "https://deno.land/std@0.176.0/fs/empty_dir.ts": "c3d2da4c7352fab1cf144a1ecfef58090769e8af633678e0f3fabaef98594688",
    "https://deno.land/std@0.176.0/fs/ensure_dir.ts": "724209875497a6b4628dfb256116e5651c4f7816741368d6c44aab2531a1e603",
    "https://deno.land/std@0.176.0/fs/ensure_file.ts": "c38602670bfaf259d86ca824a94e6cb9e5eb73757fefa4ebf43a90dd017d53d9",
    "https://deno.land/std@0.176.0/fs/ensure_link.ts": "c0f5b2f0ec094ed52b9128eccb1ee23362a617457aa0f699b145d4883f5b2fb4",
    "https://deno.land/std@0.176.0/fs/ensure_symlink.ts": "2955cc8332aeca9bdfefd05d8d3976b94e282b0f353392a71684808ed2ffdd41",
    "https://deno.land/std@0.176.0/fs/eol.ts": "f1f2eb348a750c34500741987b21d65607f352cf7205f48f4319d417fff42842",
    "https://deno.land/std@0.176.0/fs/exists.ts": "b8c8a457b71e9d7f29b9d2f87aad8dba2739cbe637e8926d6ba6e92567875f8e",
    "https://deno.land/std@0.176.0/fs/expand_glob.ts": "45d17e89796a24bd6002e4354eda67b4301bb8ba67d2cac8453cdabccf1d9ab0",
    "https://deno.land/std@0.176.0/fs/mod.ts": "bc3d0acd488cc7b42627044caf47d72019846d459279544e1934418955ba4898",
    "https://deno.land/std@0.176.0/fs/move.ts": "4cb47f880e3f0582c55e71c9f8b1e5e8cfaacb5e84f7390781dd563b7298ec19",
    "https://deno.land/std@0.176.0/fs/walk.ts": "ea95ffa6500c1eda6b365be488c056edc7c883a1db41ef46ec3bf057b1c0fe32",
    "https://deno.land/std@0.176.0/path/_constants.ts": "e49961f6f4f48039c0dfed3c3f93e963ca3d92791c9d478ac5b43183413136e0",
    "https://deno.land/std@0.176.0/path/_interface.ts": "6471159dfbbc357e03882c2266d21ef9afdb1e4aa771b0545e90db58a0ba314b",
    "https://deno.land/std@0.176.0/path/_util.ts": "d7abb1e0dea065f427b89156e28cdeb32b045870acdf865833ba808a73b576d0",
    "https://deno.land/std@0.176.0/path/common.ts": "ee7505ab01fd22de3963b64e46cff31f40de34f9f8de1fff6a1bd2fe79380000",
    "https://deno.land/std@0.176.0/path/glob.ts": "d479e0a695621c94d3fd7fe7abd4f9499caf32a8de13f25073451c6ef420a4e1",
    "https://deno.land/std@0.176.0/path/mod.ts": "4b83694ac500d7d31b0cdafc927080a53dc0c3027eb2895790fb155082b0d232",
    "https://deno.land/std@0.176.0/path/posix.ts": "8b7c67ac338714b30c816079303d0285dd24af6b284f7ad63da5b27372a2c94d",
    "https://deno.land/std@0.176.0/path/separator.ts": "0fb679739d0d1d7bf45b68dacfb4ec7563597a902edbaf3c59b50d5bcadd93b1",
    "https://deno.land/std@0.176.0/path/win32.ts": "d186344e5583bcbf8b18af416d13d82b35a317116e6460a5a3953508c3de5bba",
    "https://deno.land/std@0.179.0/_util/asserts.ts": "178dfc49a464aee693a7e285567b3d0b555dc805ff490505a8aae34f9cfb1462",
    "https://deno.land/std@0.179.0/_util/os.ts": "d932f56d41e4f6a6093d56044e29ce637f8dcc43c5a90af43504a889cf1775e3",
    "https://deno.land/std@0.179.0/path/_constants.ts": "e49961f6f4f48039c0dfed3c3f93e963ca3d92791c9d478ac5b43183413136e0",
    "https://deno.land/std@0.179.0/path/_interface.ts": "6471159dfbbc357e03882c2266d21ef9afdb1e4aa771b0545e90db58a0ba314b",
    "https://deno.land/std@0.179.0/path/_util.ts": "d7abb1e0dea065f427b89156e28cdeb32b045870acdf865833ba808a73b576d0",
    "https://deno.land/std@0.179.0/path/common.ts": "ee7505ab01fd22de3963b64e46cff31f40de34f9f8de1fff6a1bd2fe79380000",
    "https://deno.land/std@0.179.0/path/glob.ts": "d479e0a695621c94d3fd7fe7abd4f9499caf32a8de13f25073451c6ef420a4e1",
    "https://deno.land/std@0.179.0/path/mod.ts": "4b83694ac500d7d31b0cdafc927080a53dc0c3027eb2895790fb155082b0d232",
    "https://deno.land/std@0.179.0/path/posix.ts": "8b7c67ac338714b30c816079303d0285dd24af6b284f7ad63da5b27372a2c94d",
    "https://deno.land/std@0.179.0/path/separator.ts": "0fb679739d0d1d7bf45b68dacfb4ec7563597a902edbaf3c59b50d5bcadd93b1",
    "https://deno.land/std@0.179.0/path/win32.ts": "d186344e5583bcbf8b18af416d13d82b35a317116e6460a5a3953508c3de5bba",
    "https://deno.land/std@0.212.0/assert/_constants.ts": "a271e8ef5a573f1df8e822a6eb9d09df064ad66a4390f21b3e31f820a38e0975",
    "https://deno.land/std@0.212.0/assert/_diff.ts": "dcc63d94ca289aec80644030cf88ccbf7acaa6fbd7b0f22add93616b36593840",
    "https://deno.land/std@0.212.0/assert/_format.ts": "0ba808961bf678437fb486b56405b6fefad2cf87b5809667c781ddee8c32aff4",
    "https://deno.land/std@0.212.0/assert/assert_equals.ts": "4497c56fe7d2993b0d447926702802fc0becb44e319079e8eca39b482ee01b4e",
    "https://deno.land/std@0.212.0/assert/assert_false.ts": "6f382568e5128c0f855e5f7dbda8624c1ed9af4fcc33ef4a9afeeedcdce99769",
    "https://deno.land/std@0.212.0/assert/assert_instance_of.ts": "72dc1faff1e248692d873c89382fa1579dd7b53b56d52f37f9874a75b11ba444",
    "https://deno.land/std@0.212.0/assert/assert_is_error.ts": "6596f2b5ba89ba2fe9b074f75e9318cda97a2381e59d476812e30077fbdb6ed2",
    "https://deno.land/std@0.212.0/assert/assert_match.ts": "ec2d9680ed3e7b9746ec57ec923a17eef6d476202f339ad91d22277d7f1d16e1",
    "https://deno.land/std@0.212.0/assert/assert_not_equals.ts": "f3edda73043bc2c9fae6cbfaa957d5c69bbe76f5291a5b0466ed132c8789df4c",
    "https://deno.land/std@0.212.0/assert/assert_not_instance_of.ts": "8f720d92d83775c40b2542a8d76c60c2d4aeddaf8713c8d11df8984af2604931",
    "https://deno.land/std@0.212.0/assert/assert_not_match.ts": "b4b7c77f146963e2b673c1ce4846473703409eb93f5ab0eb60f6e6f8aeffe39f",
    "https://deno.land/std@0.212.0/assert/assert_not_strict_equals.ts": "da0b8ab60a45d5a9371088378e5313f624799470c3b54c76e8b8abeec40a77be",
    "https://deno.land/std@0.212.0/assert/assert_object_match.ts": "e85e5eef62a56ce364c3afdd27978ccab979288a3e772e6855c270a7b118fa49",
    "https://deno.land/std@0.212.0/assert/assert_strict_equals.ts": "0425a98f70badccb151644c902384c12771a93e65f8ff610244b8147b03a2366",
    "https://deno.land/std@0.212.0/assert/assertion_error.ts": "9f689a101ee586c4ce92f52fa7ddd362e86434ffdf1f848e45987dc7689976b8",
    "https://deno.land/std@0.212.0/assert/equal.ts": "fae5e8a52a11d3ac694bbe1a53e13a7969e3f60791262312e91a3e741ae519e2",
    "https://deno.land/std@0.212.0/expect/_format.ts": "e456ee08d8255b34b8ff126be2d40adf3bbf695a7e2d82d0a9cd7bb223e40ddb",
    "https://deno.land/std@0.212.0/expect/_inspect_args.ts": "6cc9b3809e6f9671b35d0305d1ed7cc340b00b0455731b0b47b6c2ae707f8f27",
    "https://deno.land/std@0.212.0/expect/_matchers.ts": "489d2331eb28cfe3a6da1cbdc19b3335d315e472a1672c19f9fbbcdccd123039",
    "https://deno.land/std@0.212.0/expect/_mock_util.ts": "7e79e07eb869ff71b96601ac76807c745465bd3c5a3df622abf44c28a0c4ca8c",
    "https://deno.land/std@0.212.0/expect/_types.ts": "f873a17699ea5c32529d784b96b707090696d9d7bd01bf115cdbd53ec25c2935",
    "https://deno.land/std@0.212.0/expect/expect.ts": "1c67066745c0182ef9e5d8786de54525fa965322abe3399548b2643a708eb00c",
    "https://deno.land/std@0.212.0/expect/fn.ts": "95d85ec98077c7ba4ecfa922d258a7c5c62e88dbaf06fa36627713084f53a6b4",
    "https://deno.land/std@0.212.0/expect/mod.ts": "bcf8501211aaca6429212d7c700648886dc64513c2a5524b8f6c888fc21a1f4c",
    "https://deno.land/std@0.212.0/fmt/colors.ts": "71e2d7d9911cf3f4f8cceaabe588fd9a4c0228102f4233da62ffd3e421201de7",
    "https://deno.land/std@0.214.0/assert/_constants.ts": "a271e8ef5a573f1df8e822a6eb9d09df064ad66a4390f21b3e31f820a38e0975",
    "https://deno.land/std@0.214.0/assert/_diff.ts": "dcc63d94ca289aec80644030cf88ccbf7acaa6fbd7b0f22add93616b36593840",
    "https://deno.land/std@0.214.0/assert/_format.ts": "0ba808961bf678437fb486b56405b6fefad2cf87b5809667c781ddee8c32aff4",
    "https://deno.land/std@0.214.0/assert/assert_equals.ts": "4497c56fe7d2993b0d447926702802fc0becb44e319079e8eca39b482ee01b4e",
    "https://deno.land/std@0.214.0/assert/assert_false.ts": "6f382568e5128c0f855e5f7dbda8624c1ed9af4fcc33ef4a9afeeedcdce99769",
    "https://deno.land/std@0.214.0/assert/assert_instance_of.ts": "72dc1faff1e248692d873c89382fa1579dd7b53b56d52f37f9874a75b11ba444",
    "https://deno.land/std@0.214.0/assert/assert_is_error.ts": "6596f2b5ba89ba2fe9b074f75e9318cda97a2381e59d476812e30077fbdb6ed2",
    "https://deno.land/std@0.214.0/assert/assert_match.ts": "ec2d9680ed3e7b9746ec57ec923a17eef6d476202f339ad91d22277d7f1d16e1",
    "https://deno.land/std@0.214.0/assert/assert_not_instance_of.ts": "8f720d92d83775c40b2542a8d76c60c2d4aeddaf8713c8d11df8984af2604931",
    "https://deno.land/std@0.214.0/assert/assert_not_match.ts": "b4b7c77f146963e2b673c1ce4846473703409eb93f5ab0eb60f6e6f8aeffe39f",
    "https://deno.land/std@0.214.0/assert/assert_not_strict_equals.ts": "da0b8ab60a45d5a9371088378e5313f624799470c3b54c76e8b8abeec40a77be",
    "https://deno.land/std@0.214.0/assert/assert_object_match.ts": "e85e5eef62a56ce364c3afdd27978ccab979288a3e772e6855c270a7b118fa49",
    "https://deno.land/std@0.214.0/assert/assert_strict_equals.ts": "0425a98f70badccb151644c902384c12771a93e65f8ff610244b8147b03a2366",
    "https://deno.land/std@0.214.0/assert/assertion_error.ts": "9f689a101ee586c4ce92f52fa7ddd362e86434ffdf1f848e45987dc7689976b8",
    "https://deno.land/std@0.214.0/assert/equal.ts": "fae5e8a52a11d3ac694bbe1a53e13a7969e3f60791262312e91a3e741ae519e2",
    "https://deno.land/std@0.214.0/expect/_assert_equals.ts": "2410a1c1ab4a11831acb5097761f93dd6cf42437952ad00c81a495f18d8ad719",
    "https://deno.land/std@0.214.0/expect/_assert_not_equals.ts": "283bc81ae5beb7ecbdc26750645f9d686159471a58636dac781923352efdd5d3",
    "https://deno.land/std@0.214.0/expect/_constants.ts": "751a014c4b803ad21287529d55d213d8b5eb34d203cca9509e4c9b84ced440a8",
    "https://deno.land/std@0.214.0/expect/_diff.ts": "dcc63d94ca289aec80644030cf88ccbf7acaa6fbd7b0f22add93616b36593840",
    "https://deno.land/std@0.214.0/expect/_equal.ts": "129dfb33ea07ee132190a7f7b4a6e668bed012fabd3e9c9c778eeaaae4ca8efc",
    "https://deno.land/std@0.214.0/expect/_format.ts": "e456ee08d8255b34b8ff126be2d40adf3bbf695a7e2d82d0a9cd7bb223e40ddb",
    "https://deno.land/std@0.214.0/expect/_inspect_args.ts": "6cc9b3809e6f9671b35d0305d1ed7cc340b00b0455731b0b47b6c2ae707f8f27",
    "https://deno.land/std@0.214.0/expect/_matchers.ts": "f83f60f109769d29efa07e5c4ea961f4dbb8ce1051f62c68f2caa19c385258d4",
    "https://deno.land/std@0.214.0/expect/_mock_util.ts": "7e79e07eb869ff71b96601ac76807c745465bd3c5a3df622abf44c28a0c4ca8c",
    "https://deno.land/std@0.214.0/expect/_types.ts": "c5dc4c4a145e81bb2ab1d9c380ceb9dbc7a1544d916c060c3989570ec1a27c8a",
    "https://deno.land/std@0.214.0/expect/expect.ts": "628e2886ef0b06703c89ae5d948f2d27a3fca7e8b82dab3b5a84b16372d7cf79",
    "https://deno.land/std@0.214.0/expect/fn.ts": "95d85ec98077c7ba4ecfa922d258a7c5c62e88dbaf06fa36627713084f53a6b4",
    "https://deno.land/std@0.214.0/expect/mod.ts": "c650aaf0f9fbf8051d852874b4859a62aeff2917ca0ae7753de9aead6e2f9730",
    "https://deno.land/std@0.214.0/fmt/colors.ts": "aeaee795471b56fc62a3cb2e174ed33e91551b535f44677f6320336aabb54fbb",
    "https://deno.land/std@0.214.0/testing/_test_suite.ts": "f10a8a6338b60c403f07a76f3f46bdc9f1e1a820c0a1decddeb2949f7a8a0546",
    "https://deno.land/std@0.214.0/testing/bdd.ts": "a7a9f691c6531166e4afa9d91bd5750c7418407bb310473b27eda59fd2d1f609",
    "https://deno.land/std@0.97.0/_util/assert.ts": "2f868145a042a11d5ad0a3c748dcf580add8a0dbc0e876eaa0026303a5488f58",
    "https://deno.land/std@0.97.0/_util/os.ts": "e282950a0eaa96760c0cf11e7463e66babd15ec9157d4c9ed49cc0925686f6a7",
    "https://deno.land/std@0.97.0/encoding/base64.ts": "eecae390f1f1d1cae6f6c6d732ede5276bf4b9cd29b1d281678c054dc5cc009e",
    "https://deno.land/std@0.97.0/encoding/hex.ts": "f952e0727bddb3b2fd2e6889d104eacbd62e92091f540ebd6459317a61932d9b",
    "https://deno.land/std@0.97.0/fs/_util.ts": "f2ce811350236ea8c28450ed822a5f42a0892316515b1cd61321dec13569c56b",
    "https://deno.land/std@0.97.0/fs/ensure_dir.ts": "b7c103dc41a3d1dbbb522bf183c519c37065fdc234831a4a0f7d671b1ed5fea7",
    "https://deno.land/std@0.97.0/fs/exists.ts": "b0d2e31654819cc2a8d37df45d6b14686c0cc1d802e9ff09e902a63e98b85a00",
    "https://deno.land/std@0.97.0/hash/_wasm/hash.ts": "cb6ad1ab429f8ac9d6eae48f3286e08236d662e1a2e5cfd681ba1c0f17375895",
    "https://deno.land/std@0.97.0/hash/_wasm/wasm.js": "94b1b997ae6fb4e6d2156bcea8f79cfcd1e512a91252b08800a92071e5e84e1a",
    "https://deno.land/std@0.97.0/hash/hasher.ts": "57a9ec05dd48a9eceed319ac53463d9873490feea3832d58679df6eec51c176b",
    "https://deno.land/std@0.97.0/hash/mod.ts": "5d032bd34186cda2f8d17fc122d621430953a6030d4b3f11172004715e3e2441",
    "https://deno.land/std@0.97.0/path/_constants.ts": "1247fee4a79b70c89f23499691ef169b41b6ccf01887a0abd131009c5581b853",
    "https://deno.land/std@0.97.0/path/_interface.ts": "1fa73b02aaa24867e481a48492b44f2598cd9dfa513c7b34001437007d3642e4",
    "https://deno.land/std@0.97.0/path/_util.ts": "2e06a3b9e79beaf62687196bd4b60a4c391d862cfa007a20fc3a39f778ba073b",
    "https://deno.land/std@0.97.0/path/common.ts": "eaf03d08b569e8a87e674e4e265e099f237472b6fd135b3cbeae5827035ea14a",
    "https://deno.land/std@0.97.0/path/glob.ts": "314ad9ff263b895795208cdd4d5e35a44618ca3c6dd155e226fb15d065008652",
    "https://deno.land/std@0.97.0/path/mod.ts": "4465dc494f271b02569edbb4a18d727063b5dbd6ed84283ff906260970a15d12",
    "https://deno.land/std@0.97.0/path/posix.ts": "f56c3c99feb47f30a40ce9d252ef6f00296fa7c0fcb6dd81211bdb3b8b99ca3b",
    "https://deno.land/std@0.97.0/path/separator.ts": "8fdcf289b1b76fd726a508f57d3370ca029ae6976fcde5044007f062e643ff1c",
    "https://deno.land/std@0.97.0/path/win32.ts": "77f7b3604e0de40f3a7c698e8a79e7f601dc187035a1c21cb1e596666ce112f8",
    "https://deno.land/x/cache@0.2.13/cache.ts": "4005aad54fb9aac9ff02526ffa798032e57f2d7966905fdeb7949263b1c95f2f",
    "https://deno.land/x/cache@0.2.13/deps.ts": "6f14e76a1a09f329e3f3830c6e72bd10b53a89a75769d5ea886e5d8603e503e6",
    "https://deno.land/x/cache@0.2.13/directories.ts": "ef48531cab3f827252e248596d15cede0de179a2fb15392ae24cf8034519994f",
    "https://deno.land/x/cache@0.2.13/file.ts": "5abe7d80c6ac594c98e66eb4262962139f48cd9c49dbe2a77e9608760508a09a",
    "https://deno.land/x/cache@0.2.13/file_fetcher.ts": "5c793cc83a5b9377679ec313b2a2321e51bf7ed15380fa82d387f1cdef3b924f",
    "https://deno.land/x/cache@0.2.13/helpers.ts": "d1545d6432277b7a0b5ea254d1c51d572b6452a8eadd9faa7ad9c5586a1725c4",
    "https://deno.land/x/cache@0.2.13/mod.ts": "3188250d3a013ef6c9eb060e5284cf729083af7944a29e60bb3d8597dd20ebcd",
    "https://deno.land/x/plug@1.0.1/deps.ts": "35ea2acd5e3e11846817a429b7ef4bec47b80f2d988f5d63797147134cbd35c2",
    "https://deno.land/x/plug@1.0.1/download.ts": "8d6a023ade0806a0653b48cd5f6f8b15fcfaa1dbf2aa1f4bc90fc5732d27b144",
    "https://deno.land/x/plug@1.0.1/mod.ts": "5dec80ee7a3a325be45c03439558531bce7707ac118f4376cebbd6740ff24bfb",
    "https://deno.land/x/plug@1.0.1/types.ts": "d8eb738fc6ed883e6abf77093442c2f0b71af9090f15c7613621d4039e410ee1",
    "https://deno.land/x/plug@1.0.1/util.ts": "5ba8127b9adc36e070b9e22971fb8106869eea1741f452a87b4861e574f13481",
    "https://deno.land/x/sqlite3@0.10.0/deno.json": "23a6c0d74415633fa61af1170cbc711b43876ea6ff7b9bcb65d66b658eae4c6e",
    "https://deno.land/x/sqlite3@0.10.0/deps.ts": "f6035f0884a730c0d55b0cdce68846f13bbfc14e8afbf0b3cd4f12a52b4107b7",
    "https://deno.land/x/sqlite3@0.10.0/mod.ts": "d41b8b30e1b20b537ef4d78cae98d90f6bd65c727b64aa1a18bffbb28f7d6ec3",
    "https://deno.land/x/sqlite3@0.10.0/src/blob.ts": "3681353b3c97bc43f9b02f8d1c3269c0dc4eb9cb5d3af16c7ce4d1e1ec7507c4",
    "https://deno.land/x/sqlite3@0.10.0/src/constants.ts": "85fd27aa6e199093f25f5f437052e16fd0e0870b96ca9b24a98e04ddc8b7d006",
    "https://deno.land/x/sqlite3@0.10.0/src/database.ts": "85b4db98e1ea9a5c802299513ed169f44f63f6a52dfb18087184413b54d2c539",
    "https://deno.land/x/sqlite3@0.10.0/src/ffi.ts": "381b263cd63f7bce367270a945a86afe3826c3362d068da6706912c31c550e26",
    "https://deno.land/x/sqlite3@0.10.0/src/statement.ts": "9be952b2cf8e58ae4d6378e693783992a6fbe6c50d20afe5a3fbbec4449f0b2c",
    "https://deno.land/x/sqlite3@0.10.0/src/util.ts": "3892904eb057271d4072215c3e7ffe57a9e59e4df78ac575046eb278ca6239cd",
    "https://esm.sh/@blackglory/prelude@0.3.4": "542f9bc8f84b61fcc1275c605eda45e2f042d4af45e58ee0c229e4b17a9340af",
    "https://esm.sh/extra-compatible@0.2.2": "09a7bfcfae38e4fd48f28832ff3b13c1659394b4291b6d774f764b60ecc7fb0b",
    "https://esm.sh/extra-json-stable-stringify@0.1.2": "c83aff1abeb1c2e16eccbaec72a7ada3e12d146aaeb5a3a7dbf6e08e4da551b1",
    "https://esm.sh/extra-promise@6.0.8": "d0fa236d082f2363756556202e2a0cefbf506f9416b862f3638269e7197e4add",
    "https://esm.sh/iterable-operator@4.0.6": "03dccc3aa6ca625587e8e32d76d30db0510ab6f1e49185ccdc60c87b880a11b0",
    "https://esm.sh/v134/@blackglory/errors@3.0.3/denonext/errors.mjs": "44c788bc6fd213eb1a92b3ed06ec82fe8a5da2b93c85b61cb3f323d9ee80187b",
    "https://esm.sh/v134/@blackglory/go@1.1.3/denonext/go.mjs": "bca872ed90e1089e5a8482027dbf6fbc25198c7d6b9c581e5acf05ede3dc9770",
    "https://esm.sh/v134/@blackglory/log@2.0.2/denonext/log.mjs": "6d114c0405fb40fff285878283a10bb8d021f99810c81f95a0ffa6810165d627",
    "https://esm.sh/v134/@blackglory/pass@1.1.1/denonext/pass.mjs": "dbc7b798ae000c687fa5094d34d5d7f151102d39506c4dd1fb82f0fa15118285",
    "https://esm.sh/v134/@blackglory/prelude@0.3.4/denonext/prelude.mjs": "d95625bbb5ced7872c2f44da8f2cbb7eb6e5032251245ce322251b2e7a895ce7",
    "https://esm.sh/v134/@blackglory/structures@0.13.4/denonext/structures.mjs": "a5755367ebd15fae1c8f63086210303b1ec2bd7df99928df9856fa7cc4ff07c6",
    "https://esm.sh/v134/extra-abort@0.3.7/denonext/extra-abort.mjs": "6b5511a35ed6beb593b677b482345f9d901bd4f0a0b692b01f9d658ec5039b0d",
    "https://esm.sh/v134/extra-compatible@0.2.1/denonext/extra-compatible.mjs": "5f938ba1bc4931198fd06b8b762ad1147aa719fc75d25408cbc9582fea942d2a",
    "https://esm.sh/v134/extra-fsm@0.2.1/denonext/extra-fsm.mjs": "fcbfb5cc513ad63ca67e5cfe1fd10e77a2f77b2dad358756e02edc67c0aa3803",
    "https://esm.sh/v134/extra-generator@0.5.3/denonext/extra-generator.mjs": "ee3943f62308ba997bbaf65110940fa1dedf6366c6e7c922229152464f4975bc",
    "https://esm.sh/v134/extra-json-stable-stringify@0.1.2/denonext/extra-json-stable-stringify.mjs": "56d1c1bc11c9a801d094afd75e929d27e3aae1f138dbb9b57f0db137917353af",
    "https://esm.sh/v134/extra-lazy@2.0.2/denonext/extra-lazy.mjs": "2fa75dfdeb7e8c388b641e7b4bf8d945f44de1133b7c1b1f518d2cd369b40e24",
    "https://esm.sh/v134/extra-promise@6.0.8/denonext/extra-promise.mjs": "464cad7113dabb26ba20b81c9227edd77245270a64ea2bff3064ea6e3e58cdc5",
    "https://esm.sh/v134/extra-rand@0.1.5/denonext/extra-rand.mjs": "6400738d219fd22c2c4fc9cb2213242452a15a103b6aebcf3f8281916cf052cb",
    "https://esm.sh/v134/extra-timers@0.2.6/denonext/extra-timers.mjs": "f11602bea2bcae11de13d03e4632c418d8140813f3bccde3424e0e3be1b62a95",
    "https://esm.sh/v134/extra-utils@5.5.2/denonext/extra-utils.mjs": "6780022e1a08d4409e29beea89ba66cb446f19b40bafa4ced18dcd81e95724df",
    "https://esm.sh/v134/fast-stable-stringify@1.0.0/denonext/fast-stable-stringify.mjs": "d4e689d5c72278e3d69fb459f437a3412a7effaa1f7fd78b59f11d4a57b0e014",
    "https://esm.sh/v134/iterable-operator@4.0.6/denonext/iterable-operator.mjs": "2b42913410f34cbd9dac6e0d56762ed56e1db2e87cc406e8d2df245bcb0b757f",
    "https://esm.sh/v134/lodash-es@4.17.21/denonext/lodash-es.mjs": "07204dd6f06e6b746db568246228196dcc1e2d1566b6e9868310a3995db3d0ef",
    "https://esm.sh/v134/return-style@3.0.1/denonext/return-style.mjs": "ba4bec82a9ff2c9e66ff10be2ffe3309beae656ce3abd9ce4e5a8179c7e11b2e",
    "https://esm.sh/v134/rxjs@7.8.1/denonext/rxjs.mjs": "b79b6719799437d4ae2a80ae1f94a1ce160b7c685e1b121871f04cec9c548703",
    "https://esm.sh/v134/tslib@2.6.2/denonext/tslib.mjs": "29782bcd3139f77ec063dc5a9385c0fff4a8d0a23b6765c73d9edeb169a04bf1",
    "https://esm.sh/v135/@blackglory/errors@3.0.3/denonext/errors.mjs": "336d9142b5025fee163213246d555ce4ec45494faafd44c8708f77d661bf96d6",
    "https://esm.sh/v135/@blackglory/go@1.1.3/denonext/go.mjs": "3fbcae209e092a4829ecd5969f9ca3c9d05d22222124c6f9e88cb00b8e45ce8a",
    "https://esm.sh/v135/@blackglory/log@2.0.2/denonext/log.mjs": "7e95188e1f17ca3efaf29ab9197b8acb1f0ea8f6409f6612dfd6170981a19682",
    "https://esm.sh/v135/@blackglory/pass@1.1.1/denonext/pass.mjs": "dbc7b798ae000c687fa5094d34d5d7f151102d39506c4dd1fb82f0fa15118285",
    "https://esm.sh/v135/@blackglory/prelude@0.3.4/denonext/prelude.mjs": "af8af6ed813d97d1616667baf026803c2c5aee03a260740458765ea2e320f64b",
    "https://esm.sh/v135/@blackglory/structures@0.13.4/denonext/structures.mjs": "e050f1b7850ae2e0d303813b398a9bf6f862572deab9e4e916cb3d456bd53c80",
    "https://esm.sh/v135/extra-abort@0.3.7/denonext/extra-abort.mjs": "4067b499ce261da87adb1f6b9197b377d80d582104af95178eb53e07ea258784",
    "https://esm.sh/v135/extra-compatible@0.2.1/denonext/extra-compatible.mjs": "1b8c30b5bab4838d14f3de4c6d6e296404ceec2ff8de8d398f52c3ed9737bdf3",
    "https://esm.sh/v135/extra-compatible@0.2.2/denonext/extra-compatible.mjs": "b45da65040d085242fa9489eb7342f462ca6e429735d16eeb6310ab08d4c25ff",
    "https://esm.sh/v135/extra-fsm@0.2.1/denonext/extra-fsm.mjs": "110c8d23f7cdd7d412e73cb9f6a299552274974505ad1cc8238fe54bfc81797f",
    "https://esm.sh/v135/extra-generator@0.5.3/denonext/extra-generator.mjs": "7bbbef051373abd7c3ee0af7f5cef32659610c02943f1efe6afc0efa19068b44",
    "https://esm.sh/v135/extra-json-stable-stringify@0.1.2/denonext/extra-json-stable-stringify.mjs": "e25c6c9a55df69e7d54d11661355119e28bf992f553e3873f86f4e13d6af8006",
    "https://esm.sh/v135/extra-lazy@2.0.2/denonext/extra-lazy.mjs": "b0b30d5496cb97623acec8ef555ce4a9381ae4881203676d139188f6f816707e",
    "https://esm.sh/v135/extra-promise@6.0.8/denonext/extra-promise.mjs": "fa7e50dfa20e4fbf804fe6668e889c539d66e75689d9f404a871ea46f542dcd4",
    "https://esm.sh/v135/extra-rand@0.1.5/denonext/extra-rand.mjs": "6400738d219fd22c2c4fc9cb2213242452a15a103b6aebcf3f8281916cf052cb",
    "https://esm.sh/v135/extra-timers@0.2.6/denonext/extra-timers.mjs": "ce4df11bd7e4d75e5d508129f21eaa23275142fc74ffbca5220ed65a4fdf78ea",
    "https://esm.sh/v135/extra-utils@5.5.2/denonext/extra-utils.mjs": "d35354b38c6c832680ab17ffadebb5cfa84b6502a572d8f3a0beb74c1551ce71",
    "https://esm.sh/v135/fast-stable-stringify@1.0.0/denonext/fast-stable-stringify.mjs": "d4e689d5c72278e3d69fb459f437a3412a7effaa1f7fd78b59f11d4a57b0e014",
    "https://esm.sh/v135/iterable-operator@4.0.6/denonext/iterable-operator.mjs": "d78cf44532dd8d250d83d03ea8b686f9481f296c675a84e02aa453489e8b3833",
    "https://esm.sh/v135/lodash-es@4.17.21/denonext/lodash-es.mjs": "ca6d37e6a1271d1bd8920da5ff11f7d05465f5d7961d5d09b44db331838981d7",
    "https://esm.sh/v135/return-style@3.0.1/denonext/return-style.mjs": "20ff4f7b1ff86acb40a2659856e64975091ac17cd717fd781749b7fae32b7b05",
    "https://esm.sh/v135/rxjs@7.8.1/denonext/rxjs.mjs": "5b7ef4f0e05f81c90bb2fdf37ac4c2c2f30680a8fe90aa6b716750dd901529ca",
    "https://esm.sh/v135/tslib@2.6.2/denonext/tslib.mjs": "29782bcd3139f77ec063dc5a9385c0fff4a8d0a23b6765c73d9edeb169a04bf1"
  }
}
